
Microsoft Visual Studio Solution File, Format Version 12.00
# Visual Studio 2012
Project("{FAE04EC0-301F-11D3-BF4B-00C04F79EFBC}") = "Assignment", "Assignment\Assignment.csproj", "{806B954F-BC9C-45B1-BE82-F63C25B3997A}"
EndProject
Global
	GlobalSection(SolutionConfigurationPlatforms) = preSolution
		Debug|Any CPU = Debug|Any CPU
		Release|Any CPU = Release|Any CPU
	EndGlobalSection
	GlobalSection(ProjectConfigurationPlatforms) = postSolution
		{806B954F-BC9C-45B1-BE82-F63C25B3997A}.Debug|Any CPU.ActiveCfg = Debug|Any CPU
		{806B954F-BC9C-45B1-BE82-F63C25B3997A}.Debug|Any CPU.Build.0 = Debug|Any CPU
		{806B954F-BC9C-45B1-BE82-F63C25B3997A}.Release|Any CPU.ActiveCfg = Release|Any CPU
		{806B954F-BC9C-45B1-BE82-F63C25B3997A}.Release|Any CPU.Build.0 = Release|Any CPU
	EndGlobalSection
	GlobalSection(SolutionProperties) = preSolution
		HideSolutionNode = FALSE
	EndGlobalSection
EndGlobal
